
Microsoft Visual Studio Solution File, Format Version 12.00
# Visual Studio Version 16
VisualStudioVersion = 16.0.32106.194
MinimumVisualStudioVersion = 10.0.40219.1
Project("{2150E333-8FDC-42A3-9474-1A3956D46DE8}") = "Services", "Services", "{4451E254-BA60-476F-8987-845138E49E3A}"
EndProject
Project("{2150E333-8FDC-42A3-9474-1A3956D46DE8}") = "Usuario", "Usuario", "{A76B4B42-80D8-41FF-B2B5-1A79FC9E1A95}"
EndProject
Project("{2150E333-8FDC-42A3-9474-1A3956D46DE8}") = "Producto", "Producto", "{3229C8B7-5651-4B23-9D2D-DE9520695B67}"
EndProject
Project("{2150E333-8FDC-42A3-9474-1A3956D46DE8}") = "OrdenCompra", "OrdenCompra", "{C0C69DD9-2926-4608-9CA4-FE6BFE347F0F}"
EndProject
Project("{FAE04EC0-301F-11D3-BF4B-00C04F79EFBC}") = "Usuario.Domain", "Usuario.Domain\Usuario.Domain.csproj", "{48BA5673-6808-4796-98C2-7700CDBEE564}"
EndProject
Project("{FAE04EC0-301F-11D3-BF4B-00C04F79EFBC}") = "Usuario.Application", "Usuario.Application\Usuario.Application.csproj", "{79C3FA9A-2499-4B47-90D9-3A8D7BF233F7}"
EndProject
Project("{FAE04EC0-301F-11D3-BF4B-00C04F79EFBC}") = "Usuario.API", "Usuario.API\Usuario.API.csproj", "{88E94B18-7DF0-486F-B18B-FB7C4771622F}"
EndProject
Project("{FAE04EC0-301F-11D3-BF4B-00C04F79EFBC}") = "Producto.Domain", "Producto.Domain\Producto.Domain.csproj", "{8399FEE8-041C-4634-AFEB-DFB79A3C4A9C}"
EndProject
Project("{FAE04EC0-301F-11D3-BF4B-00C04F79EFBC}") = "Producto.Application", "Producto.Application\Producto.Application.csproj", "{3E56BE55-BCDA-4082-8FA6-DECDAB6758C4}"
EndProject
Project("{FAE04EC0-301F-11D3-BF4B-00C04F79EFBC}") = "Producto.API", "Producto.API\Producto.API.csproj", "{85E69534-0C9B-4A01-B860-0CB9B298A771}"
EndProject
Project("{FAE04EC0-301F-11D3-BF4B-00C04F79EFBC}") = "OrdenCompra.Domain", "OrdenCompra.Domain\OrdenCompra.Domain.csproj", "{5A100770-0116-4F06-8EBE-D1984B2606FC}"
EndProject
Project("{FAE04EC0-301F-11D3-BF4B-00C04F79EFBC}") = "OrdenCompra.Application", "OrdenCompra.Application\OrdenCompra.Application.csproj", "{BA19B152-8B73-4DD2-9CCD-107B174EFBC9}"
EndProject
Project("{FAE04EC0-301F-11D3-BF4B-00C04F79EFBC}") = "OrdenCompra.API", "OrdenCompra.API\OrdenCompra.API.csproj", "{A442BD58-05A1-4AE2-B0B6-6BF7E05CD5A7}"
EndProject
Project("{FAE04EC0-301F-11D3-BF4B-00C04F79EFBC}") = "Usuario.Infrastructure", "Usuario.Infrastructure\Usuario.Infrastructure.csproj", "{3882E3E0-049E-438C-BDA6-4D34EB6F8D5F}"
EndProject
Global
	GlobalSection(SolutionConfigurationPlatforms) = preSolution
		Debug|Any CPU = Debug|Any CPU
		Release|Any CPU = Release|Any CPU
	EndGlobalSection
	GlobalSection(ProjectConfigurationPlatforms) = postSolution
		{48BA5673-6808-4796-98C2-7700CDBEE564}.Debug|Any CPU.ActiveCfg = Debug|Any CPU
		{48BA5673-6808-4796-98C2-7700CDBEE564}.Debug|Any CPU.Build.0 = Debug|Any CPU
		{48BA5673-6808-4796-98C2-7700CDBEE564}.Release|Any CPU.ActiveCfg = Release|Any CPU
		{48BA5673-6808-4796-98C2-7700CDBEE564}.Release|Any CPU.Build.0 = Release|Any CPU
		{79C3FA9A-2499-4B47-90D9-3A8D7BF233F7}.Debug|Any CPU.ActiveCfg = Debug|Any CPU
		{79C3FA9A-2499-4B47-90D9-3A8D7BF233F7}.Debug|Any CPU.Build.0 = Debug|Any CPU
		{79C3FA9A-2499-4B47-90D9-3A8D7BF233F7}.Release|Any CPU.ActiveCfg = Release|Any CPU
		{79C3FA9A-2499-4B47-90D9-3A8D7BF233F7}.Release|Any CPU.Build.0 = Release|Any CPU
		{88E94B18-7DF0-486F-B18B-FB7C4771622F}.Debug|Any CPU.ActiveCfg = Debug|Any CPU
		{88E94B18-7DF0-486F-B18B-FB7C4771622F}.Debug|Any CPU.Build.0 = Debug|Any CPU
		{88E94B18-7DF0-486F-B18B-FB7C4771622F}.Release|Any CPU.ActiveCfg = Release|Any CPU
		{88E94B18-7DF0-486F-B18B-FB7C4771622F}.Release|Any CPU.Build.0 = Release|Any CPU
		{8399FEE8-041C-4634-AFEB-DFB79A3C4A9C}.Debug|Any CPU.ActiveCfg = Debug|Any CPU
		{8399FEE8-041C-4634-AFEB-DFB79A3C4A9C}.Debug|Any CPU.Build.0 = Debug|Any CPU
		{8399FEE8-041C-4634-AFEB-DFB79A3C4A9C}.Release|Any CPU.ActiveCfg = Release|Any CPU
		{8399FEE8-041C-4634-AFEB-DFB79A3C4A9C}.Release|Any CPU.Build.0 = Release|Any CPU
		{3E56BE55-BCDA-4082-8FA6-DECDAB6758C4}.Debug|Any CPU.ActiveCfg = Debug|Any CPU
		{3E56BE55-BCDA-4082-8FA6-DECDAB6758C4}.Debug|Any CPU.Build.0 = Debug|Any CPU
		{3E56BE55-BCDA-4082-8FA6-DECDAB6758C4}.Release|Any CPU.ActiveCfg = Release|Any CPU
		{3E56BE55-BCDA-4082-8FA6-DECDAB6758C4}.Release|Any CPU.Build.0 = Release|Any CPU
		{85E69534-0C9B-4A01-B860-0CB9B298A771}.Debug|Any CPU.ActiveCfg = Debug|Any CPU
		{85E69534-0C9B-4A01-B860-0CB9B298A771}.Debug|Any CPU.Build.0 = Debug|Any CPU
		{85E69534-0C9B-4A01-B860-0CB9B298A771}.Release|Any CPU.ActiveCfg = Release|Any CPU
		{85E69534-0C9B-4A01-B860-0CB9B298A771}.Release|Any CPU.Build.0 = Release|Any CPU
		{5A100770-0116-4F06-8EBE-D1984B2606FC}.Debug|Any CPU.ActiveCfg = Debug|Any CPU
		{5A100770-0116-4F06-8EBE-D1984B2606FC}.Debug|Any CPU.Build.0 = Debug|Any CPU
		{5A100770-0116-4F06-8EBE-D1984B2606FC}.Release|Any CPU.ActiveCfg = Release|Any CPU
		{5A100770-0116-4F06-8EBE-D1984B2606FC}.Release|Any CPU.Build.0 = Release|Any CPU
		{BA19B152-8B73-4DD2-9CCD-107B174EFBC9}.Debug|Any CPU.ActiveCfg = Debug|Any CPU
		{BA19B152-8B73-4DD2-9CCD-107B174EFBC9}.Debug|Any CPU.Build.0 = Debug|Any CPU
		{BA19B152-8B73-4DD2-9CCD-107B174EFBC9}.Release|Any CPU.ActiveCfg = Release|Any CPU
		{BA19B152-8B73-4DD2-9CCD-107B174EFBC9}.Release|Any CPU.Build.0 = Release|Any CPU
		{A442BD58-05A1-4AE2-B0B6-6BF7E05CD5A7}.Debug|Any CPU.ActiveCfg = Debug|Any CPU
		{A442BD58-05A1-4AE2-B0B6-6BF7E05CD5A7}.Debug|Any CPU.Build.0 = Debug|Any CPU
		{A442BD58-05A1-4AE2-B0B6-6BF7E05CD5A7}.Release|Any CPU.ActiveCfg = Release|Any CPU
		{A442BD58-05A1-4AE2-B0B6-6BF7E05CD5A7}.Release|Any CPU.Build.0 = Release|Any CPU
		{3882E3E0-049E-438C-BDA6-4D34EB6F8D5F}.Debug|Any CPU.ActiveCfg = Debug|Any CPU
		{3882E3E0-049E-438C-BDA6-4D34EB6F8D5F}.Debug|Any CPU.Build.0 = Debug|Any CPU
		{3882E3E0-049E-438C-BDA6-4D34EB6F8D5F}.Release|Any CPU.ActiveCfg = Release|Any CPU
		{3882E3E0-049E-438C-BDA6-4D34EB6F8D5F}.Release|Any CPU.Build.0 = Release|Any CPU
	EndGlobalSection
	GlobalSection(SolutionProperties) = preSolution
		HideSolutionNode = FALSE
	EndGlobalSection
	GlobalSection(NestedProjects) = preSolution
		{A76B4B42-80D8-41FF-B2B5-1A79FC9E1A95} = {4451E254-BA60-476F-8987-845138E49E3A}
		{3229C8B7-5651-4B23-9D2D-DE9520695B67} = {4451E254-BA60-476F-8987-845138E49E3A}
		{C0C69DD9-2926-4608-9CA4-FE6BFE347F0F} = {4451E254-BA60-476F-8987-845138E49E3A}
		{48BA5673-6808-4796-98C2-7700CDBEE564} = {A76B4B42-80D8-41FF-B2B5-1A79FC9E1A95}
		{79C3FA9A-2499-4B47-90D9-3A8D7BF233F7} = {A76B4B42-80D8-41FF-B2B5-1A79FC9E1A95}
		{88E94B18-7DF0-486F-B18B-FB7C4771622F} = {A76B4B42-80D8-41FF-B2B5-1A79FC9E1A95}
		{8399FEE8-041C-4634-AFEB-DFB79A3C4A9C} = {3229C8B7-5651-4B23-9D2D-DE9520695B67}
		{3E56BE55-BCDA-4082-8FA6-DECDAB6758C4} = {3229C8B7-5651-4B23-9D2D-DE9520695B67}
		{85E69534-0C9B-4A01-B860-0CB9B298A771} = {3229C8B7-5651-4B23-9D2D-DE9520695B67}
		{5A100770-0116-4F06-8EBE-D1984B2606FC} = {C0C69DD9-2926-4608-9CA4-FE6BFE347F0F}
		{BA19B152-8B73-4DD2-9CCD-107B174EFBC9} = {C0C69DD9-2926-4608-9CA4-FE6BFE347F0F}
		{A442BD58-05A1-4AE2-B0B6-6BF7E05CD5A7} = {C0C69DD9-2926-4608-9CA4-FE6BFE347F0F}
		{3882E3E0-049E-438C-BDA6-4D34EB6F8D5F} = {A76B4B42-80D8-41FF-B2B5-1A79FC9E1A95}
	EndGlobalSection
	GlobalSection(ExtensibilityGlobals) = postSolution
		SolutionGuid = {726A24FE-0E6B-4B6B-9965-69107B2A6418}
	EndGlobalSection
EndGlobal
